{
  "name": "rust3d",
  "lockfileVersion": 3,
  "requires": true,
  "packages": {
    "": {
      "dependencies": {
        "react-jquery-plugin": "^1.1.7"
      }
    },
    "node_modules/jquery": {
      "version": "3.7.1",
      "resolved": "https://registry.npmjs.org/jquery/-/jquery-3.7.1.tgz",
      "integrity": "sha512-m4avr8yL8kmFN8psrbFFFmB/If14iN5o9nw/NgnnM+kybDJpRsAynV2BsfpTYrTRysYUdADVD7CkUUizgkpLfg=="
    },
    "node_modules/react-jquery-plugin": {
      "version": "1.1.7",
      "resolved": "https://registry.npmjs.org/react-jquery-plugin/-/react-jquery-plugin-1.1.7.tgz",
      "integrity": "sha512-PHXc37WtC0jIX50vmdbN2GxMFMFyjIMV0NVpD9iNoNInMmjzndIaEKZtm44vfnF8DXBrIA0azaVuunqiSVSCtg==",
      "dependencies": {
        "jquery": "^3.5.1"
      },
      "engines": {
        "node": ">=8",
        "npm": ">=5"
      }
    }
  }
}
